
Microsoft Visual Studio Solution File, Format Version 12.00
# Visual Studio 15
VisualStudioVersion = 15.0.27130.2027
MinimumVisualStudioVersion = 10.0.40219.1
Project("{FAE04EC0-301F-11D3-BF4B-00C04F79EFBC}") = "Autonomous", "Autonomous\Autonomous.csproj", "{6F439211-F2C5-4A1B-80D2-FB1D152A1E32}"
EndProject
Project("{FAE04EC0-301F-11D3-BF4B-00C04F79EFBC}") = "Autonomous.Public", "Autonomous.Public\Autonomous.Public.csproj", "{6A315A2D-53B0-4F32-9CCA-60B913EC3347}"
EndProject
Project("{FAE04EC0-301F-11D3-BF4B-00C04F79EFBC}") = "Autonomous.ConcretePlayer1", "Autonomous.ConcretePlayer1\Autonomous.ConcretePlayer1.csproj", "{BC897A69-E3AA-4B8D-BFDF-D3CDD1B1B5C6}"
EndProject
Project("{FAE04EC0-301F-11D3-BF4B-00C04F79EFBC}") = "Autonomous.ConcretePlayer2", "Autonomous.ConcretePlayer2\Autonomous.ConcretePlayer2.csproj", "{17D5C580-0C86-42FB-AF5A-780A3046DF44}"
EndProject
Global
	GlobalSection(SolutionConfigurationPlatforms) = preSolution
		Debug|Any CPU = Debug|Any CPU
		Debug|x86 = Debug|x86
		Release|Any CPU = Release|Any CPU
		Release|x86 = Release|x86
	EndGlobalSection
	GlobalSection(ProjectConfigurationPlatforms) = postSolution
		{6F439211-F2C5-4A1B-80D2-FB1D152A1E32}.Debug|Any CPU.ActiveCfg = Debug|x86
		{6F439211-F2C5-4A1B-80D2-FB1D152A1E32}.Debug|x86.ActiveCfg = Debug|x86
		{6F439211-F2C5-4A1B-80D2-FB1D152A1E32}.Debug|x86.Build.0 = Debug|x86
		{6F439211-F2C5-4A1B-80D2-FB1D152A1E32}.Release|Any CPU.ActiveCfg = Release|x86
		{6F439211-F2C5-4A1B-80D2-FB1D152A1E32}.Release|x86.ActiveCfg = Release|x86
		{6F439211-F2C5-4A1B-80D2-FB1D152A1E32}.Release|x86.Build.0 = Release|x86
		{6A315A2D-53B0-4F32-9CCA-60B913EC3347}.Debug|Any CPU.ActiveCfg = Debug|Any CPU
		{6A315A2D-53B0-4F32-9CCA-60B913EC3347}.Debug|Any CPU.Build.0 = Debug|Any CPU
		{6A315A2D-53B0-4F32-9CCA-60B913EC3347}.Debug|x86.ActiveCfg = Debug|Any CPU
		{6A315A2D-53B0-4F32-9CCA-60B913EC3347}.Debug|x86.Build.0 = Debug|Any CPU
		{6A315A2D-53B0-4F32-9CCA-60B913EC3347}.Release|Any CPU.ActiveCfg = Release|Any CPU
		{6A315A2D-53B0-4F32-9CCA-60B913EC3347}.Release|Any CPU.Build.0 = Release|Any CPU
		{6A315A2D-53B0-4F32-9CCA-60B913EC3347}.Release|x86.ActiveCfg = Release|Any CPU
		{6A315A2D-53B0-4F32-9CCA-60B913EC3347}.Release|x86.Build.0 = Release|Any CPU
		{BC897A69-E3AA-4B8D-BFDF-D3CDD1B1B5C6}.Debug|Any CPU.ActiveCfg = Debug|Any CPU
		{BC897A69-E3AA-4B8D-BFDF-D3CDD1B1B5C6}.Debug|Any CPU.Build.0 = Debug|Any CPU
		{BC897A69-E3AA-4B8D-BFDF-D3CDD1B1B5C6}.Debug|x86.ActiveCfg = Debug|Any CPU
		{BC897A69-E3AA-4B8D-BFDF-D3CDD1B1B5C6}.Debug|x86.Build.0 = Debug|Any CPU
		{BC897A69-E3AA-4B8D-BFDF-D3CDD1B1B5C6}.Release|Any CPU.ActiveCfg = Release|Any CPU
		{BC897A69-E3AA-4B8D-BFDF-D3CDD1B1B5C6}.Release|Any CPU.Build.0 = Release|Any CPU
		{BC897A69-E3AA-4B8D-BFDF-D3CDD1B1B5C6}.Release|x86.ActiveCfg = Release|Any CPU
		{BC897A69-E3AA-4B8D-BFDF-D3CDD1B1B5C6}.Release|x86.Build.0 = Release|Any CPU
		{17D5C580-0C86-42FB-AF5A-780A3046DF44}.Debug|Any CPU.ActiveCfg = Debug|Any CPU
		{17D5C580-0C86-42FB-AF5A-780A3046DF44}.Debug|Any CPU.Build.0 = Debug|Any CPU
		{17D5C580-0C86-42FB-AF5A-780A3046DF44}.Debug|x86.ActiveCfg = Debug|Any CPU
		{17D5C580-0C86-42FB-AF5A-780A3046DF44}.Debug|x86.Build.0 = Debug|Any CPU
		{17D5C580-0C86-42FB-AF5A-780A3046DF44}.Release|Any CPU.ActiveCfg = Release|Any CPU
		{17D5C580-0C86-42FB-AF5A-780A3046DF44}.Release|Any CPU.Build.0 = Release|Any CPU
		{17D5C580-0C86-42FB-AF5A-780A3046DF44}.Release|x86.ActiveCfg = Release|Any CPU
		{17D5C580-0C86-42FB-AF5A-780A3046DF44}.Release|x86.Build.0 = Release|Any CPU
	EndGlobalSection
	GlobalSection(SolutionProperties) = preSolution
		HideSolutionNode = FALSE
	EndGlobalSection
	GlobalSection(ExtensibilityGlobals) = postSolution
		SolutionGuid = {955F28E5-EFDA-4616-9B68-BD602F6983F0}
	EndGlobalSection
EndGlobal
